<?xml version="1.0" encoding="utf-8"?>
<Project ToolsVersion="4.0" xmlns="http://schemas.microsoft.com/developer/msbuild/2003">
  <ItemGroup>
    <FxCompile Include="Resources\Shaders\Default.hlsl" />
  </ItemGroup>
  <ItemGroup>
    <ClCompile Include="IO\BitmapFontLoader.cpp" />
    <ClCompile Include="pch.cpp" />
    <ClCompile Include="Core\AudioSystem.cpp" />
    <ClCompile Include="Core\Application.cpp" />
    <ClCompile Include="Core\Input.cpp" />
    <ClCompile Include="Core\FWindow.cpp" />
    <ClCompile Include="Core\Time.cpp" />
    <ClCompile Include="Data\StageLoader.cpp" />
    <ClCompile Include="Data\ScoreRepository.cpp" />
    <ClCompile Include="Gameplay\Actor.cpp" />
    <ClCompile Include="Gameplay\BeatSystem.cpp" />
    <ClCompile Include="Gameplay\Camera2D.cpp" />
    <ClCompile Include="Data\StageData.cpp" />
    <ClCompile Include="Gameplay\Monster.cpp" />
    <ClCompile Include="Gameplay\Player.cpp" />
    <ClCompile Include="Gameplay\ScoreSystem.cpp" />
    <ClCompile Include="Gameplay\Stage.cpp" />
    <ClCompile Include="Gameplay\Tile.cpp" />
    <ClCompile Include="Gameplay\Wall.cpp" />
    <ClCompile Include="Scene\Scene.cpp" />
    <ClCompile Include="Scene\TestScene.cpp" />
    <ClCompile Include="ThirdParty\imgui\imgui.cpp" />
    <ClCompile Include="ThirdParty\imgui\imgui_demo.cpp" />
    <ClCompile Include="ThirdParty\imgui\imgui_draw.cpp" />
    <ClCompile Include="ThirdParty\imgui\imgui_impl_dx11.cpp" />
    <ClCompile Include="ThirdParty\imgui\imgui_impl_win32.cpp" />
    <ClCompile Include="ThirdParty\imgui\imgui_tables.cpp" />
    <ClCompile Include="ThirdParty\imgui\imgui_widgets.cpp" />
    <ClCompile Include="Render\FontManager.cpp" />
    <ClCompile Include="Render\TextQuad.cpp" />
    <ClCompile Include="UI\popup\CreditPopup.cpp" />
    <ClCompile Include="UI\popup\GameOverPopup.cpp" />
    <ClCompile Include="UI\popup\GoToTitlePopup.cpp" />
    <ClCompile Include="UI\popup\PopupManager.cpp" />
    <ClCompile Include="UI\popup\SaveScorePopup.cpp" />
    <ClCompile Include="UI\popup\ScoreboardPopup.cpp" />
    <ClCompile Include="UI\popup\StageClearPopup.cpp" />
    <ClCompile Include="UI\popup\UIPopupBase.cpp" />
    <ClCompile Include="UI\UIManager.cpp" />
    <ClCompile Include="main.cpp" />
    <ClCompile Include="Render\Renderer.cpp" />
    <ClCompile Include="Render\Texture.cpp" />
    <ClCompile Include="Render\TextureManager.cpp" />
    <ClCompile Include="IO\FileIO.cpp" />
    <ClCompile Include="IO\ImageLoader.cpp" />
    <ClCompile Include="IO\JsonFile.cpp" />
    <ClCompile Include="Scene\PlayScene.cpp" />
    <ClCompile Include="Scene\SceneManager.cpp" />
    <ClCompile Include="Scene\TitleScene.cpp" />
    <ClCompile Include="UI\widget\BeatEffect.cpp" />
    <ClCompile Include="UI\widget\BeatHUDWidget.cpp" />
    <ClCompile Include="UI\widget\DebugWidget.cpp" />
    <ClCompile Include="UI\widget\GameplayHUDWidget.cpp" />
    <ClCompile Include="UI\widget\MinimapWidget.cpp" />
    <ClCompile Include="Gameplay\SpriteAnimation.cpp" />
    <ClCompile Include="UI\popup\StageIntroPopup.cpp" />
    <ClCompile Include="Data\CreditLoader.cpp" />
    <ClCompile Include="UI\popup\EndingPopup.cpp" />
    <ClCompile Include="Scene\EndingScene.cpp" />
  </ItemGroup>
  <ItemGroup>
    <ClInclude Include="IO\BitmapFontLoader.h" />
    <ClInclude Include="Data\ScoreRecord.h" />
    <ClInclude Include="pch.h" />
    <ClInclude Include="Core\AudioSystem.h" />
    <ClInclude Include="Core\Application.h" />
    <ClInclude Include="Core\GameContext.h" />
    <ClInclude Include="Core\Input.h" />
    <ClInclude Include="Core\FWindow.h" />
    <ClInclude Include="Core\Time.h" />
    <ClInclude Include="Core\Vec2.h" />
    <ClInclude Include="Data\StageLoader.h" />
    <ClInclude Include="Data\ScoreRepository.h" />
    <ClInclude Include="Gameplay\Actor.h" />
    <ClInclude Include="Gameplay\BeatSystem.h" />
    <ClInclude Include="Gameplay\Camera2D.h" />
    <ClInclude Include="Data\StageData.h" />
    <ClInclude Include="Gameplay\Monster.h" />
    <ClInclude Include="Gameplay\Player.h" />
    <ClInclude Include="Gameplay\ScoreSystem.h" />
    <ClInclude Include="Gameplay\Stage.h" />
    <ClInclude Include="Gameplay\Tile.h" />
    <ClInclude Include="Gameplay\SpriteInfo.h" />
    <ClInclude Include="Gameplay\Wall.h" />
    <ClInclude Include="Scene\TestScene.h" />
    <ClInclude Include="Scene\Scene.h" />
    <ClInclude Include="Scene\SceneCommand.h" />
    <ClInclude Include="Scene\SceneType.h" />
    <ClInclude Include="ThirdParty\imgui\imconfig.h" />
    <ClInclude Include="ThirdParty\imgui\imgui.h" />
    <ClInclude Include="ThirdParty\imgui\imgui_impl_dx11.h" />
    <ClInclude Include="ThirdParty\imgui\imgui_impl_win32.h" />
    <ClInclude Include="ThirdParty\imgui\imgui_internal.h" />
    <ClInclude Include="ThirdParty\imgui\imstb_rectpack.h" />
    <ClInclude Include="ThirdParty\imgui\imstb_textedit.h" />
    <ClInclude Include="ThirdParty\imgui\imstb_truetype.h" />
    <ClInclude Include="Render\BitmapFont.h" />
    <ClInclude Include="Render\FontManager.h" />
    <ClInclude Include="Render\FontRenderObject.h" />
    <ClInclude Include="Render\TextQuad.h" />
    <ClInclude Include="Render\Glyph.h" />
    <ClInclude Include="Render\Renderer.h" />
    <ClInclude Include="Render\Texture.h" />
    <ClInclude Include="Render\TextureManager.h" />
    <ClInclude Include="Render\RenderObject.h" />
    <ClInclude Include="IO\FileIO.h" />
    <ClInclude Include="IO\ImageLoader.h" />
    <ClInclude Include="IO\JsonFile.h" />
    <ClInclude Include="Scene\PlayScene.h" />
    <ClInclude Include="Scene\SceneManager.h" />
    <ClInclude Include="Scene\TitleScene.h" />
    <ClInclude Include="Core\Types.h" />
    <ClInclude Include="Core\Logger.h" />
    <ClInclude Include="ThirdParty\nlohmann\json.hpp" />
    <ClInclude Include="ThirdParty\stb_image.h" />
    <ClInclude Include="UI\Popup.h" />
    <ClInclude Include="UI\popup\CreditPopup.h" />
    <ClInclude Include="UI\popup\GameOverPopup.h" />
    <ClInclude Include="UI\popup\GoToTitlePopup.h" />
    <ClInclude Include="UI\popup\PopupManager.h" />
    <ClInclude Include="UI\popup\SaveScorePopup.h" />
    <ClInclude Include="UI\popup\ScoreboardPopup.h" />
    <ClInclude Include="UI\popup\StageClearPopup.h" />
    <ClInclude Include="UI\popup\UIPopupAction.h" />
    <ClInclude Include="UI\popup\UIPopupBase.h" />
    <ClInclude Include="UI\UIManager.h" />
    <ClInclude Include="UI\widget\BeatEffect.h" />
    <ClInclude Include="UI\widget\BeatHUDWidget.h" />
    <ClInclude Include="UI\widget\DebugWidget.h" />
    <ClInclude Include="UI\widget\GameplayHUDWidget.h" />
    <ClInclude Include="UI\widget\MinimapWidget.h" />
    <ClInclude Include="Gameplay\SpriteAnimation.h" />
    <ClInclude Include="UI\widget\UIWidget.h" />
    <ClInclude Include="UI\popup\StageIntroPopup.h" />
    <ClInclude Include="Data\CreditLoader.h" />
    <ClInclude Include="UI\popup\EndingPopup.h" />
    <ClInclude Include="Scene\EndingScene.h" />
  </ItemGroup>
  <ItemGroup>
    <Image Include="Resources\Fonts\bmFont.png" />
  </ItemGroup>
  <ItemGroup>
    <None Include="Resources\Fonts\bmFont.fnt" />
  </ItemGroup>
</Project>